
Microsoft Visual Studio Solution File, Format Version 12.00
# Visual Studio Version 17
VisualStudioVersion = 17.12.35707.178 d17.12
MinimumVisualStudioVersion = 10.0.40219.1
Project("{FAE04EC0-301F-11D3-BF4B-00C04F79EFBC}") = "Designbotic", "Designbotic\Designbotic.csproj", "{BD1B1EBE-86BA-4083-BCD2-CFD2E07316BB}"
EndProject
Project("{FAE04EC0-301F-11D3-BF4B-00C04F79EFBC}") = "WPF_DESIGNBOTIC", "WPF_DESIGNBOTIC\WPF_DESIGNBOTIC.csproj", "{EA81D1F2-99CA-46F0-82E4-17E8884023B3}"
EndProject
Global
	GlobalSection(SolutionConfigurationPlatforms) = preSolution
		Debug|Any CPU = Debug|Any CPU
		Release|Any CPU = Release|Any CPU
	EndGlobalSection
	GlobalSection(ProjectConfigurationPlatforms) = postSolution
		{BD1B1EBE-86BA-4083-BCD2-CFD2E07316BB}.Debug|Any CPU.ActiveCfg = Debug|Any CPU
		{BD1B1EBE-86BA-4083-BCD2-CFD2E07316BB}.Debug|Any CPU.Build.0 = Debug|Any CPU
		{BD1B1EBE-86BA-4083-BCD2-CFD2E07316BB}.Release|Any CPU.ActiveCfg = Release|Any CPU
		{BD1B1EBE-86BA-4083-BCD2-CFD2E07316BB}.Release|Any CPU.Build.0 = Release|Any CPU
		{EA81D1F2-99CA-46F0-82E4-17E8884023B3}.Debug|Any CPU.ActiveCfg = Debug|Any CPU
		{EA81D1F2-99CA-46F0-82E4-17E8884023B3}.Debug|Any CPU.Build.0 = Debug|Any CPU
		{EA81D1F2-99CA-46F0-82E4-17E8884023B3}.Release|Any CPU.ActiveCfg = Release|Any CPU
		{EA81D1F2-99CA-46F0-82E4-17E8884023B3}.Release|Any CPU.Build.0 = Release|Any CPU
	EndGlobalSection
	GlobalSection(SolutionProperties) = preSolution
		HideSolutionNode = FALSE
	EndGlobalSection
EndGlobal
